
Microsoft Visual Studio Solution File, Format Version 12.00
# Visual Studio Version 17
VisualStudioVersion = 17.5.33502.453
MinimumVisualStudioVersion = 10.0.40219.1
Project("{9A19103F-16F7-4668-BE54-9A1E7A4F7556}") = "ContactsManager", "ContactsManager.csproj", "{5E23FE6A-33EB-400E-8C7B-1BCB82907490}"
EndProject
Project("{9A19103F-16F7-4668-BE54-9A1E7A4F7556}") = "ServicesContracts", "..\ServicesContracts\ServicesContracts.csproj", "{6DD4E450-53CF-4D29-9914-B8E0788B12FC}"
EndProject
Project("{9A19103F-16F7-4668-BE54-9A1E7A4F7556}") = "Entities", "..\Entities\Entities.csproj", "{3405092F-20AC-4181-89D6-63BA28D7DD14}"
EndProject
Project("{9A19103F-16F7-4668-BE54-9A1E7A4F7556}") = "Services", "..\Services\Services.csproj", "{17FEC3ED-407C-4E36-B8F6-680258D45C7B}"
EndProject
Project("{9A19103F-16F7-4668-BE54-9A1E7A4F7556}") = "CRUDTests", "..\CRUDTests\CRUDTests.csproj", "{ADA72105-0C03-4FA3-84BC-A1A0B47FB532}"
EndProject
Project("{9A19103F-16F7-4668-BE54-9A1E7A4F7556}") = "RepositoryContracts", "..\RepositoryContracts\RepositoryContracts.csproj", "{2D76D97A-520E-45B4-9636-D4094544E5E5}"
EndProject
Project("{9A19103F-16F7-4668-BE54-9A1E7A4F7556}") = "Repositories", "..\Repositories\Repositories.csproj", "{57337C16-D4BE-44BF-A24E-339BFD25ABAB}"
EndProject
Global
	GlobalSection(SolutionConfigurationPlatforms) = preSolution
		Debug|Any CPU = Debug|Any CPU
		Release|Any CPU = Release|Any CPU
	EndGlobalSection
	GlobalSection(ProjectConfigurationPlatforms) = postSolution
		{5E23FE6A-33EB-400E-8C7B-1BCB82907490}.Debug|Any CPU.ActiveCfg = Debug|Any CPU
		{5E23FE6A-33EB-400E-8C7B-1BCB82907490}.Debug|Any CPU.Build.0 = Debug|Any CPU
		{5E23FE6A-33EB-400E-8C7B-1BCB82907490}.Release|Any CPU.ActiveCfg = Release|Any CPU
		{5E23FE6A-33EB-400E-8C7B-1BCB82907490}.Release|Any CPU.Build.0 = Release|Any CPU
		{6DD4E450-53CF-4D29-9914-B8E0788B12FC}.Debug|Any CPU.ActiveCfg = Debug|Any CPU
		{6DD4E450-53CF-4D29-9914-B8E0788B12FC}.Debug|Any CPU.Build.0 = Debug|Any CPU
		{6DD4E450-53CF-4D29-9914-B8E0788B12FC}.Release|Any CPU.ActiveCfg = Release|Any CPU
		{6DD4E450-53CF-4D29-9914-B8E0788B12FC}.Release|Any CPU.Build.0 = Release|Any CPU
		{3405092F-20AC-4181-89D6-63BA28D7DD14}.Debug|Any CPU.ActiveCfg = Debug|Any CPU
		{3405092F-20AC-4181-89D6-63BA28D7DD14}.Debug|Any CPU.Build.0 = Debug|Any CPU
		{3405092F-20AC-4181-89D6-63BA28D7DD14}.Release|Any CPU.ActiveCfg = Release|Any CPU
		{3405092F-20AC-4181-89D6-63BA28D7DD14}.Release|Any CPU.Build.0 = Release|Any CPU
		{17FEC3ED-407C-4E36-B8F6-680258D45C7B}.Debug|Any CPU.ActiveCfg = Debug|Any CPU
		{17FEC3ED-407C-4E36-B8F6-680258D45C7B}.Debug|Any CPU.Build.0 = Debug|Any CPU
		{17FEC3ED-407C-4E36-B8F6-680258D45C7B}.Release|Any CPU.ActiveCfg = Release|Any CPU
		{17FEC3ED-407C-4E36-B8F6-680258D45C7B}.Release|Any CPU.Build.0 = Release|Any CPU
		{ADA72105-0C03-4FA3-84BC-A1A0B47FB532}.Debug|Any CPU.ActiveCfg = Debug|Any CPU
		{ADA72105-0C03-4FA3-84BC-A1A0B47FB532}.Debug|Any CPU.Build.0 = Debug|Any CPU
		{ADA72105-0C03-4FA3-84BC-A1A0B47FB532}.Release|Any CPU.ActiveCfg = Release|Any CPU
		{ADA72105-0C03-4FA3-84BC-A1A0B47FB532}.Release|Any CPU.Build.0 = Release|Any CPU
		{2D76D97A-520E-45B4-9636-D4094544E5E5}.Debug|Any CPU.ActiveCfg = Debug|Any CPU
		{2D76D97A-520E-45B4-9636-D4094544E5E5}.Debug|Any CPU.Build.0 = Debug|Any CPU
		{2D76D97A-520E-45B4-9636-D4094544E5E5}.Release|Any CPU.ActiveCfg = Release|Any CPU
		{2D76D97A-520E-45B4-9636-D4094544E5E5}.Release|Any CPU.Build.0 = Release|Any CPU
		{57337C16-D4BE-44BF-A24E-339BFD25ABAB}.Debug|Any CPU.ActiveCfg = Debug|Any CPU
		{57337C16-D4BE-44BF-A24E-339BFD25ABAB}.Debug|Any CPU.Build.0 = Debug|Any CPU
		{57337C16-D4BE-44BF-A24E-339BFD25ABAB}.Release|Any CPU.ActiveCfg = Release|Any CPU
		{57337C16-D4BE-44BF-A24E-339BFD25ABAB}.Release|Any CPU.Build.0 = Release|Any CPU
	EndGlobalSection
	GlobalSection(SolutionProperties) = preSolution
		HideSolutionNode = FALSE
	EndGlobalSection
	GlobalSection(ExtensibilityGlobals) = postSolution
		SolutionGuid = {4056E55A-B35A-4B5A-A8AD-A74B85EA2877}
	EndGlobalSection
EndGlobal
